
Microsoft Visual Studio Solution File, Format Version 12.00
# Visual Studio Version 16
VisualStudioVersion = 16.0.29613.14
MinimumVisualStudioVersion = 10.0.40219.1
Project("{9A19103F-16F7-4668-BE54-9A1E7A4F7556}") = "gTimedTask.Core", "gTimedTask.Core\gTimedTask.Core.csproj", "{3C4E8F90-15FE-45BC-BDD6-FBCAD7724B91}"
EndProject
Project("{9A19103F-16F7-4668-BE54-9A1E7A4F7556}") = "gTimedTask.SampleExecutor", "gTimedTask.SampleExecutor\gTimedTask.SampleExecutor.csproj", "{5E2DBA45-4B9B-43F1-A502-B3D72FEB0980}"
EndProject
Project("{9A19103F-16F7-4668-BE54-9A1E7A4F7556}") = "gTimedTask", "gTimedTask\gTimedTask.csproj", "{76B2376C-542E-4C98-846E-AD10CB981E4E}"
EndProject
Project("{FAE04EC0-301F-11D3-BF4B-00C04F79EFBC}") = "gTimedTask.Executor", "gTimedTask.Executor\gTimedTask.Executor.csproj", "{60F01011-F186-46A1-808A-7447EA22F297}"
EndProject
Global
	GlobalSection(SolutionConfigurationPlatforms) = preSolution
		Debug|Any CPU = Debug|Any CPU
		Release|Any CPU = Release|Any CPU
	EndGlobalSection
	GlobalSection(ProjectConfigurationPlatforms) = postSolution
		{3C4E8F90-15FE-45BC-BDD6-FBCAD7724B91}.Debug|Any CPU.ActiveCfg = Debug|Any CPU
		{3C4E8F90-15FE-45BC-BDD6-FBCAD7724B91}.Debug|Any CPU.Build.0 = Debug|Any CPU
		{3C4E8F90-15FE-45BC-BDD6-FBCAD7724B91}.Release|Any CPU.ActiveCfg = Release|Any CPU
		{3C4E8F90-15FE-45BC-BDD6-FBCAD7724B91}.Release|Any CPU.Build.0 = Release|Any CPU
		{5E2DBA45-4B9B-43F1-A502-B3D72FEB0980}.Debug|Any CPU.ActiveCfg = Debug|Any CPU
		{5E2DBA45-4B9B-43F1-A502-B3D72FEB0980}.Debug|Any CPU.Build.0 = Debug|Any CPU
		{5E2DBA45-4B9B-43F1-A502-B3D72FEB0980}.Release|Any CPU.ActiveCfg = Release|Any CPU
		{5E2DBA45-4B9B-43F1-A502-B3D72FEB0980}.Release|Any CPU.Build.0 = Release|Any CPU
		{76B2376C-542E-4C98-846E-AD10CB981E4E}.Debug|Any CPU.ActiveCfg = Debug|Any CPU
		{76B2376C-542E-4C98-846E-AD10CB981E4E}.Debug|Any CPU.Build.0 = Debug|Any CPU
		{76B2376C-542E-4C98-846E-AD10CB981E4E}.Release|Any CPU.ActiveCfg = Release|Any CPU
		{76B2376C-542E-4C98-846E-AD10CB981E4E}.Release|Any CPU.Build.0 = Release|Any CPU
		{60F01011-F186-46A1-808A-7447EA22F297}.Debug|Any CPU.ActiveCfg = Debug|Any CPU
		{60F01011-F186-46A1-808A-7447EA22F297}.Debug|Any CPU.Build.0 = Debug|Any CPU
		{60F01011-F186-46A1-808A-7447EA22F297}.Release|Any CPU.ActiveCfg = Release|Any CPU
		{60F01011-F186-46A1-808A-7447EA22F297}.Release|Any CPU.Build.0 = Release|Any CPU
	EndGlobalSection
	GlobalSection(SolutionProperties) = preSolution
		HideSolutionNode = FALSE
	EndGlobalSection
	GlobalSection(ExtensibilityGlobals) = postSolution
		SolutionGuid = {2CDD2A78-C92E-404B-853E-DC202699D570}
	EndGlobalSection
EndGlobal
